// !$*UTF8*$!
{
	archiveVersion = 1;
	classes = {
	};
	objectVersion = 55;
	objects = {

/* Begin PBXBuildFile section */
		44B1820C3D765EEAD57DCAA0 /* Pods_KidozAppLovinSampleApp.framework in Frameworks */ = {isa = PBXBuildFile; fileRef = A0D762F5E5A4B36032451270 /* Pods_KidozAppLovinSampleApp.framework */; };
		DFB96384290918F40058DC91 /* Kidoz in Resources */ = {isa = PBXBuildFile; fileRef = DFB96383290918F40058DC91 /* Kidoz */; };
		DFB96386290926220058DC91 /* libKidozSDK_AppLovinAdapter.a in Frameworks */ = {isa = PBXBuildFile; fileRef = DFB96385290926000058DC91 /* libKidozSDK_AppLovinAdapter.a */; };
		DFB96388290928920058DC91 /* Podfile in Resources */ = {isa = PBXBuildFile; fileRef = DFB96387290928920058DC91 /* Podfile */; };
		DFF96DFC28BF5B43009B1E4E /* AppDelegate.swift in Sources */ = {isa = PBXBuildFile; fileRef = DFF96DFB28BF5B43009B1E4E /* AppDelegate.swift */; };
		DFF96DFE28BF5B43009B1E4E /* SceneDelegate.swift in Sources */ = {isa = PBXBuildFile; fileRef = DFF96DFD28BF5B43009B1E4E /* SceneDelegate.swift */; };
		DFF96E0028BF5B43009B1E4E /* ViewController.swift in Sources */ = {isa = PBXBuildFile; fileRef = DFF96DFF28BF5B43009B1E4E /* ViewController.swift */; };
		DFF96E0328BF5B43009B1E4E /* Main.storyboard in Resources */ = {isa = PBXBuildFile; fileRef = DFF96E0128BF5B43009B1E4E /* Main.storyboard */; };
		DFF96E0528BF5B45009B1E4E /* Assets.xcassets in Resources */ = {isa = PBXBuildFile; fileRef = DFF96E0428BF5B45009B1E4E /* Assets.xcassets */; };
		DFF96E0828BF5B45009B1E4E /* LaunchScreen.storyboard in Resources */ = {isa = PBXBuildFile; fileRef = DFF96E0628BF5B45009B1E4E /* LaunchScreen.storyboard */; };
/* End PBXBuildFile section */

/* Begin PBXFileReference section */
		1D546F44D1A8BC95A43EA15B /* Pods-KidozAppLovinSampleApp.debug.xcconfig */ = {isa = PBXFileReference; includeInIndex = 1; lastKnownFileType = text.xcconfig; name = "Pods-KidozAppLovinSampleApp.debug.xcconfig"; path = "Target Support Files/Pods-KidozAppLovinSampleApp/Pods-KidozAppLovinSampleApp.debug.xcconfig"; sourceTree = "<group>"; };
		3D0BE696DA1F7BB8CFE756B2 /* Pods-KidozAppLovinSampleApp.release.xcconfig */ = {isa = PBXFileReference; includeInIndex = 1; lastKnownFileType = text.xcconfig; name = "Pods-KidozAppLovinSampleApp.release.xcconfig"; path = "Target Support Files/Pods-KidozAppLovinSampleApp/Pods-KidozAppLovinSampleApp.release.xcconfig"; sourceTree = "<group>"; };
		A0D762F5E5A4B36032451270 /* Pods_KidozAppLovinSampleApp.framework */ = {isa = PBXFileReference; explicitFileType = wrapper.framework; includeInIndex = 0; path = Pods_KidozAppLovinSampleApp.framework; sourceTree = BUILT_PRODUCTS_DIR; };
		DF422D5A28C472B000E16C84 /* Kidoz-Bridging-Header.h */ = {isa = PBXFileReference; lastKnownFileType = sourcecode.c.h; path = "Kidoz-Bridging-Header.h"; sourceTree = "<group>"; };
		DF422D5C28C4755C00E16C84 /* KidozAppLovinSDKInfo.h */ = {isa = PBXFileReference; fileEncoding = 4; lastKnownFileType = sourcecode.c.h; path = KidozAppLovinSDKInfo.h; sourceTree = "<group>"; };
		DF422D5D28C4772800E16C84 /* DeviceUtils.h */ = {isa = PBXFileReference; fileEncoding = 4; lastKnownFileType = sourcecode.c.h; path = DeviceUtils.h; sourceTree = "<group>"; };
		DF422D9028C741AB00E16C84 /* libKidozSDK_AppLovinAdapter_TestApp.a */ = {isa = PBXFileReference; explicitFileType = archive.ar; path = libKidozSDK_AppLovinAdapter_TestApp.a; sourceTree = BUILT_PRODUCTS_DIR; };
		DFB96383290918F40058DC91 /* Kidoz */ = {isa = PBXFileReference; lastKnownFileType = folder; path = Kidoz; sourceTree = "<group>"; };
		DFB96385290926000058DC91 /* libKidozSDK_AppLovinAdapter.a */ = {isa = PBXFileReference; lastKnownFileType = archive.ar; name = libKidozSDK_AppLovinAdapter.a; path = KidozAppLovinSampleApp/Kidoz/libKidozSDK_AppLovinAdapter.a; sourceTree = "<group>"; };
		DFB96387290928920058DC91 /* Podfile */ = {isa = PBXFileReference; fileEncoding = 4; lastKnownFileType = text; path = Podfile; sourceTree = "<group>"; };
		DFF96DF828BF5B43009B1E4E /* KidozAppLovinSampleApp.app */ = {isa = PBXFileReference; explicitFileType = wrapper.application; includeInIndex = 0; path = KidozAppLovinSampleApp.app; sourceTree = BUILT_PRODUCTS_DIR; };
		DFF96DFB28BF5B43009B1E4E /* AppDelegate.swift */ = {isa = PBXFileReference; lastKnownFileType = sourcecode.swift; path = AppDelegate.swift; sourceTree = "<group>"; };
		DFF96DFD28BF5B43009B1E4E /* SceneDelegate.swift */ = {isa = PBXFileReference; lastKnownFileType = sourcecode.swift; path = SceneDelegate.swift; sourceTree = "<group>"; };
		DFF96DFF28BF5B43009B1E4E /* ViewController.swift */ = {isa = PBXFileReference; lastKnownFileType = sourcecode.swift; path = ViewController.swift; sourceTree = "<group>"; };
		DFF96E0228BF5B43009B1E4E /* Base */ = {isa = PBXFileReference; lastKnownFileType = file.storyboard; name = Base; path = Base.lproj/Main.storyboard; sourceTree = "<group>"; };
		DFF96E0428BF5B45009B1E4E /* Assets.xcassets */ = {isa = PBXFileReference; lastKnownFileType = folder.assetcatalog; path = Assets.xcassets; sourceTree = "<group>"; };
		DFF96E0728BF5B45009B1E4E /* Base */ = {isa = PBXFileReference; lastKnownFileType = file.storyboard; name = Base; path = Base.lproj/LaunchScreen.storyboard; sourceTree = "<group>"; };
		DFF96E0928BF5B45009B1E4E /* Info.plist */ = {isa = PBXFileReference; lastKnownFileType = text.plist.xml; path = Info.plist; sourceTree = "<group>"; };
		DFF96E0F28BF5E0D009B1E4E /* libKidozSDK_AppLovinAdapter.a */ = {isa = PBXFileReference; explicitFileType = archive.ar; path = libKidozSDK_AppLovinAdapter.a; sourceTree = BUILT_PRODUCTS_DIR; };
/* End PBXFileReference section */

/* Begin PBXFrameworksBuildPhase section */
		DFF96DF528BF5B43009B1E4E /* Frameworks */ = {
			isa = PBXFrameworksBuildPhase;
			buildActionMask = 2147483647;
			files = (
				DFB96386290926220058DC91 /* libKidozSDK_AppLovinAdapter.a in Frameworks */,
				44B1820C3D765EEAD57DCAA0 /* Pods_KidozAppLovinSampleApp.framework in Frameworks */,
			);
			runOnlyForDeploymentPostprocessing = 0;
		};
/* End PBXFrameworksBuildPhase section */

/* Begin PBXGroup section */
		284336137C81D3E18AC53E98 /* Frameworks */ = {
			isa = PBXGroup;
			children = (
				DFB96385290926000058DC91 /* libKidozSDK_AppLovinAdapter.a */,
				DF422D9028C741AB00E16C84 /* libKidozSDK_AppLovinAdapter_TestApp.a */,
				DFF96E0F28BF5E0D009B1E4E /* libKidozSDK_AppLovinAdapter.a */,
				A0D762F5E5A4B36032451270 /* Pods_KidozAppLovinSampleApp.framework */,
			);
			name = Frameworks;
			sourceTree = "<group>";
		};
		3E570C99979287CDAF4E2708 /* Pods */ = {
			isa = PBXGroup;
			children = (
				1D546F44D1A8BC95A43EA15B /* Pods-KidozAppLovinSampleApp.debug.xcconfig */,
				3D0BE696DA1F7BB8CFE756B2 /* Pods-KidozAppLovinSampleApp.release.xcconfig */,
			);
			path = Pods;
			sourceTree = "<group>";
		};
		DFF96DEF28BF5B43009B1E4E = {
			isa = PBXGroup;
			children = (
				DFB96387290928920058DC91 /* Podfile */,
				DFF96DFA28BF5B43009B1E4E /* KidozAppLovinSampleApp */,
				DFF96DF928BF5B43009B1E4E /* Products */,
				284336137C81D3E18AC53E98 /* Frameworks */,
				3E570C99979287CDAF4E2708 /* Pods */,
			);
			sourceTree = "<group>";
		};
		DFF96DF928BF5B43009B1E4E /* Products */ = {
			isa = PBXGroup;
			children = (
				DFF96DF828BF5B43009B1E4E /* KidozAppLovinSampleApp.app */,
			);
			name = Products;
			sourceTree = "<group>";
		};
		DFF96DFA28BF5B43009B1E4E /* KidozAppLovinSampleApp */ = {
			isa = PBXGroup;
			children = (
				DFB96383290918F40058DC91 /* Kidoz */,
				DF422D5D28C4772800E16C84 /* DeviceUtils.h */,
				DF422D5C28C4755C00E16C84 /* KidozAppLovinSDKInfo.h */,
				DF422D5A28C472B000E16C84 /* Kidoz-Bridging-Header.h */,
				DFF96DFB28BF5B43009B1E4E /* AppDelegate.swift */,
				DFF96DFD28BF5B43009B1E4E /* SceneDelegate.swift */,
				DFF96DFF28BF5B43009B1E4E /* ViewController.swift */,
				DFF96E0128BF5B43009B1E4E /* Main.storyboard */,
				DFF96E0428BF5B45009B1E4E /* Assets.xcassets */,
				DFF96E0628BF5B45009B1E4E /* LaunchScreen.storyboard */,
				DFF96E0928BF5B45009B1E4E /* Info.plist */,
			);
			path = KidozAppLovinSampleApp;
			sourceTree = "<group>";
		};
/* End PBXGroup section */

/* Begin PBXNativeTarget section */
		DFF96DF728BF5B43009B1E4E /* KidozAppLovinSampleApp */ = {
			isa = PBXNativeTarget;
			buildConfigurationList = DFF96E0C28BF5B45009B1E4E /* Build configuration list for PBXNativeTarget "KidozAppLovinSampleApp" */;
			buildPhases = (
				E2E52567A9FDD27653F5EE7D /* [CP] Check Pods Manifest.lock */,
				DFF96DF428BF5B43009B1E4E /* Sources */,
				DFF96DF528BF5B43009B1E4E /* Frameworks */,
				DFF96DF628BF5B43009B1E4E /* Resources */,
				73FECA6982C5BF815EEE44C2 /* [CP] Copy Pods Resources */,
			);
			buildRules = (
			);
			dependencies = (
			);
			name = KidozAppLovinSampleApp;
			productName = KidozAppLovinTestApp;
			productReference = DFF96DF828BF5B43009B1E4E /* KidozAppLovinSampleApp.app */;
			productType = "com.apple.product-type.application";
		};
/* End PBXNativeTarget section */

/* Begin PBXProject section */
		DFF96DF028BF5B43009B1E4E /* Project object */ = {
			isa = PBXProject;
			attributes = {
				BuildIndependentTargetsInParallel = 1;
				LastSwiftUpdateCheck = 1330;
				LastUpgradeCheck = 1330;
				TargetAttributes = {
					DFF96DF728BF5B43009B1E4E = {
						CreatedOnToolsVersion = 13.3.1;
					};
				};
			};
			buildConfigurationList = DFF96DF328BF5B43009B1E4E /* Build configuration list for PBXProject "KidozAppLovinSampleApp" */;
			compatibilityVersion = "Xcode 13.0";
			developmentRegion = en;
			hasScannedForEncodings = 0;
			knownRegions = (
				en,
				Base,
			);
			mainGroup = DFF96DEF28BF5B43009B1E4E;
			productRefGroup = DFF96DF928BF5B43009B1E4E /* Products */;
			projectDirPath = "";
			projectRoot = "";
			targets = (
				DFF96DF728BF5B43009B1E4E /* KidozAppLovinSampleApp */,
			);
		};
/* End PBXProject section */

/* Begin PBXResourcesBuildPhase section */
		DFF96DF628BF5B43009B1E4E /* Resources */ = {
			isa = PBXResourcesBuildPhase;
			buildActionMask = 2147483647;
			files = (
				DFB96388290928920058DC91 /* Podfile in Resources */,
				DFF96E0828BF5B45009B1E4E /* LaunchScreen.storyboard in Resources */,
				DFF96E0528BF5B45009B1E4E /* Assets.xcassets in Resources */,
				DFB96384290918F40058DC91 /* Kidoz in Resources */,
				DFF96E0328BF5B43009B1E4E /* Main.storyboard in Resources */,
			);
			runOnlyForDeploymentPostprocessing = 0;
		};
/* End PBXResourcesBuildPhase section */

/* Begin PBXShellScriptBuildPhase section */
		73FECA6982C5BF815EEE44C2 /* [CP] Copy Pods Resources */ = {
			isa = PBXShellScriptBuildPhase;
			buildActionMask = 2147483647;
			files = (
			);
			inputFileListPaths = (
				"${PODS_ROOT}/Target Support Files/Pods-KidozAppLovinSampleApp/Pods-KidozAppLovinSampleApp-resources-${CONFIGURATION}-input-files.xcfilelist",
			);
			name = "[CP] Copy Pods Resources";
			outputFileListPaths = (
				"${PODS_ROOT}/Target Support Files/Pods-KidozAppLovinSampleApp/Pods-KidozAppLovinSampleApp-resources-${CONFIGURATION}-output-files.xcfilelist",
			);
			runOnlyForDeploymentPostprocessing = 0;
			shellPath = /bin/sh;
			shellScript = "\"${PODS_ROOT}/Target Support Files/Pods-KidozAppLovinSampleApp/Pods-KidozAppLovinSampleApp-resources.sh\"\n";
			showEnvVarsInLog = 0;
		};
		E2E52567A9FDD27653F5EE7D /* [CP] Check Pods Manifest.lock */ = {
			isa = PBXShellScriptBuildPhase;
			buildActionMask = 2147483647;
			files = (
			);
			inputFileListPaths = (
			);
			inputPaths = (
				"${PODS_PODFILE_DIR_PATH}/Podfile.lock",
				"${PODS_ROOT}/Manifest.lock",
			);
			name = "[CP] Check Pods Manifest.lock";
			outputFileListPaths = (
			);
			outputPaths = (
				"$(DERIVED_FILE_DIR)/Pods-KidozAppLovinSampleApp-checkManifestLockResult.txt",
			);
			runOnlyForDeploymentPostprocessing = 0;
			shellPath = /bin/sh;
			shellScript = "diff \"${PODS_PODFILE_DIR_PATH}/Podfile.lock\" \"${PODS_ROOT}/Manifest.lock\" > /dev/null\nif [ $? != 0 ] ; then\n    # print error to STDERR\n    echo \"error: The sandbox is not in sync with the Podfile.lock. Run 'pod install' or update your CocoaPods installation.\" >&2\n    exit 1\nfi\n# This output is used by Xcode 'outputs' to avoid re-running this script phase.\necho \"SUCCESS\" > \"${SCRIPT_OUTPUT_FILE_0}\"\n";
			showEnvVarsInLog = 0;
		};
/* End PBXShellScriptBuildPhase section */

/* Begin PBXSourcesBuildPhase section */
		DFF96DF428BF5B43009B1E4E /* Sources */ = {
			isa = PBXSourcesBuildPhase;
			buildActionMask = 2147483647;
			files = (
				DFF96E0028BF5B43009B1E4E /* ViewController.swift in Sources */,
				DFF96DFC28BF5B43009B1E4E /* AppDelegate.swift in Sources */,
				DFF96DFE28BF5B43009B1E4E /* SceneDelegate.swift in Sources */,
			);
			runOnlyForDeploymentPostprocessing = 0;
		};
/* End PBXSourcesBuildPhase section */

/* Begin PBXVariantGroup section */
		DFF96E0128BF5B43009B1E4E /* Main.storyboard */ = {
			isa = PBXVariantGroup;
			children = (
				DFF96E0228BF5B43009B1E4E /* Base */,
			);
			name = Main.storyboard;
			sourceTree = "<group>";
		};
		DFF96E0628BF5B45009B1E4E /* LaunchScreen.storyboard */ = {
			isa = PBXVariantGroup;
			children = (
				DFF96E0728BF5B45009B1E4E /* Base */,
			);
			name = LaunchScreen.storyboard;
			sourceTree = "<group>";
		};
/* End PBXVariantGroup section */

/* Begin XCBuildConfiguration section */
		DFF96E0A28BF5B45009B1E4E /* Debug */ = {
			isa = XCBuildConfiguration;
			buildSettings = {
				ALWAYS_SEARCH_USER_PATHS = NO;
				CLANG_ANALYZER_NONNULL = YES;
				CLANG_ANALYZER_NUMBER_OBJECT_CONVERSION = YES_AGGRESSIVE;
				CLANG_CXX_LANGUAGE_STANDARD = "gnu++17";
				CLANG_ENABLE_MODULES = YES;
				CLANG_ENABLE_OBJC_ARC = YES;
				CLANG_ENABLE_OBJC_WEAK = YES;
				CLANG_WARN_BLOCK_CAPTURE_AUTORELEASING = YES;
				CLANG_WARN_BOOL_CONVERSION = YES;
				CLANG_WARN_COMMA = YES;
				CLANG_WARN_CONSTANT_CONVERSION = YES;
				CLANG_WARN_DEPRECATED_OBJC_IMPLEMENTATIONS = YES;
				CLANG_WARN_DIRECT_OBJC_ISA_USAGE = YES_ERROR;
				CLANG_WARN_DOCUMENTATION_COMMENTS = YES;
				CLANG_WARN_EMPTY_BODY = YES;
				CLANG_WARN_ENUM_CONVERSION = YES;
				CLANG_WARN_INFINITE_RECURSION = YES;
				CLANG_WARN_INT_CONVERSION = YES;
				CLANG_WARN_NON_LITERAL_NULL_CONVERSION = YES;
				CLANG_WARN_OBJC_IMPLICIT_RETAIN_SELF = YES;
				CLANG_WARN_OBJC_LITERAL_CONVERSION = YES;
				CLANG_WARN_OBJC_ROOT_CLASS = YES_ERROR;
				CLANG_WARN_QUOTED_INCLUDE_IN_FRAMEWORK_HEADER = YES;
				CLANG_WARN_RANGE_LOOP_ANALYSIS = YES;
				CLANG_WARN_STRICT_PROTOTYPES = YES;
				CLANG_WARN_SUSPICIOUS_MOVE = YES;
				CLANG_WARN_UNGUARDED_AVAILABILITY = YES_AGGRESSIVE;
				CLANG_WARN_UNREACHABLE_CODE = YES;
				CLANG_WARN__DUPLICATE_METHOD_MATCH = YES;
				COPY_PHASE_STRIP = NO;
				DEBUG_INFORMATION_FORMAT = dwarf;
				ENABLE_STRICT_OBJC_MSGSEND = YES;
				ENABLE_TESTABILITY = YES;
				GCC_C_LANGUAGE_STANDARD = gnu11;
				GCC_DYNAMIC_NO_PIC = NO;
				GCC_NO_COMMON_BLOCKS = YES;
				GCC_OPTIMIZATION_LEVEL = 0;
				GCC_PREPROCESSOR_DEFINITIONS = (
					"DEBUG=1",
					"$(inherited)",
				);
				GCC_WARN_64_TO_32_BIT_CONVERSION = YES;
				GCC_WARN_ABOUT_RETURN_TYPE = YES_ERROR;
				GCC_WARN_UNDECLARED_SELECTOR = YES;
				GCC_WARN_UNINITIALIZED_AUTOS = YES_AGGRESSIVE;
				GCC_WARN_UNUSED_FUNCTION = YES;
				GCC_WARN_UNUSED_VARIABLE = YES;
				IPHONEOS_DEPLOYMENT_TARGET = 15.4;
				MTL_ENABLE_DEBUG_INFO = INCLUDE_SOURCE;
				MTL_FAST_MATH = YES;
				ONLY_ACTIVE_ARCH = YES;
				SDKROOT = iphoneos;
				SWIFT_ACTIVE_COMPILATION_CONDITIONS = DEBUG;
				SWIFT_OPTIMIZATION_LEVEL = "-Onone";
			};
			name = Debug;
		};
		DFF96E0B28BF5B45009B1E4E /* Release */ = {
			isa = XCBuildConfiguration;
			buildSettings = {
				ALWAYS_SEARCH_USER_PATHS = NO;
				CLANG_ANALYZER_NONNULL = YES;
				CLANG_ANALYZER_NUMBER_OBJECT_CONVERSION = YES_AGGRESSIVE;
				CLANG_CXX_LANGUAGE_STANDARD = "gnu++17";
				CLANG_ENABLE_MODULES = YES;
				CLANG_ENABLE_OBJC_ARC = YES;
				CLANG_ENABLE_OBJC_WEAK = YES;
				CLANG_WARN_BLOCK_CAPTURE_AUTORELEASING = YES;
				CLANG_WARN_BOOL_CONVERSION = YES;
				CLANG_WARN_COMMA = YES;
				CLANG_WARN_CONSTANT_CONVERSION = YES;
				CLANG_WARN_DEPRECATED_OBJC_IMPLEMENTATIONS = YES;
				CLANG_WARN_DIRECT_OBJC_ISA_USAGE = YES_ERROR;
				CLANG_WARN_DOCUMENTATION_COMMENTS = YES;
				CLANG_WARN_EMPTY_BODY = YES;
				CLANG_WARN_ENUM_CONVERSION = YES;
				CLANG_WARN_INFINITE_RECURSION = YES;
				CLANG_WARN_INT_CONVERSION = YES;
				CLANG_WARN_NON_LITERAL_NULL_CONVERSION = YES;
				CLANG_WARN_OBJC_IMPLICIT_RETAIN_SELF = YES;
				CLANG_WARN_OBJC_LITERAL_CONVERSION = YES;
				CLANG_WARN_OBJC_ROOT_CLASS = YES_ERROR;
				CLANG_WARN_QUOTED_INCLUDE_IN_FRAMEWORK_HEADER = YES;
				CLANG_WARN_RANGE_LOOP_ANALYSIS = YES;
				CLANG_WARN_STRICT_PROTOTYPES = YES;
				CLANG_WARN_SUSPICIOUS_MOVE = YES;
				CLANG_WARN_UNGUARDED_AVAILABILITY = YES_AGGRESSIVE;
				CLANG_WARN_UNREACHABLE_CODE = YES;
				CLANG_WARN__DUPLICATE_METHOD_MATCH = YES;
				COPY_PHASE_STRIP = NO;
				DEBUG_INFORMATION_FORMAT = "dwarf-with-dsym";
				ENABLE_NS_ASSERTIONS = NO;
				ENABLE_STRICT_OBJC_MSGSEND = YES;
				GCC_C_LANGUAGE_STANDARD = gnu11;
				GCC_NO_COMMON_BLOCKS = YES;
				GCC_WARN_64_TO_32_BIT_CONVERSION = YES;
				GCC_WARN_ABOUT_RETURN_TYPE = YES_ERROR;
				GCC_WARN_UNDECLARED_SELECTOR = YES;
				GCC_WARN_UNINITIALIZED_AUTOS = YES_AGGRESSIVE;
				GCC_WARN_UNUSED_FUNCTION = YES;
				GCC_WARN_UNUSED_VARIABLE = YES;
				IPHONEOS_DEPLOYMENT_TARGET = 15.4;
				MTL_ENABLE_DEBUG_INFO = NO;
				MTL_FAST_MATH = YES;
				SDKROOT = iphoneos;
				SWIFT_COMPILATION_MODE = wholemodule;
				SWIFT_OPTIMIZATION_LEVEL = "-O";
				VALIDATE_PRODUCT = YES;
			};
			name = Release;
		};
		DFF96E0D28BF5B45009B1E4E /* Debug */ = {
			isa = XCBuildConfiguration;
			baseConfigurationReference = 1D546F44D1A8BC95A43EA15B /* Pods-KidozAppLovinSampleApp.debug.xcconfig */;
			buildSettings = {
				ASSETCATALOG_COMPILER_APPICON_NAME = AppIcon;
				ASSETCATALOG_COMPILER_GLOBAL_ACCENT_COLOR_NAME = AccentColor;
				CODE_SIGN_STYLE = Automatic;
				CURRENT_PROJECT_VERSION = 1;
				DEVELOPMENT_TEAM = V79KVWWJ4G;
				GENERATE_INFOPLIST_FILE = NO;
				INFOPLIST_FILE = KidozAppLovinSampleApp/Info.plist;
				INFOPLIST_KEY_UIApplicationSupportsIndirectInputEvents = YES;
				INFOPLIST_KEY_UILaunchStoryboardName = LaunchScreen;
				INFOPLIST_KEY_UIMainStoryboardFile = Main;
				INFOPLIST_KEY_UISupportedInterfaceOrientations = "UIInterfaceOrientationPortrait UIInterfaceOrientationLandscapeLeft UIInterfaceOrientationLandscapeRight";
				INFOPLIST_KEY_UISupportedInterfaceOrientations_iPad = "UIInterfaceOrientationPortrait UIInterfaceOrientationPortraitUpsideDown UIInterfaceOrientationLandscapeLeft UIInterfaceOrientationLandscapeRight";
				INFOPLIST_KEY_UISupportedInterfaceOrientations_iPhone = "UIInterfaceOrientationPortrait UIInterfaceOrientationLandscapeLeft UIInterfaceOrientationLandscapeRight";
				IPHONEOS_DEPLOYMENT_TARGET = 10.0;
				LD_RUNPATH_SEARCH_PATHS = (
					"$(inherited)",
					"@executable_path/Frameworks",
				);
				LIBRARY_SEARCH_PATHS = (
					"$(inherited)",
					"$(PROJECT_DIR)/KidozAppLovinSampleApp/Kidoz",
				);
				MARKETING_VERSION = 8.9.3_1.0.0;
				PRODUCT_BUNDLE_IDENTIFIER = com.kidoz.ios.AppLovinSampleApp;
				PRODUCT_NAME = "$(TARGET_NAME)";
				SWIFT_EMIT_LOC_STRINGS = YES;
				SWIFT_OBJC_BRIDGING_HEADER = "KidozAppLovinSampleApp/Kidoz-Bridging-Header.h";
				SWIFT_VERSION = 5.0;
				TARGETED_DEVICE_FAMILY = "1,2";
			};
			name = Debug;
		};
		DFF96E0E28BF5B45009B1E4E /* Release */ = {
			isa = XCBuildConfiguration;
			baseConfigurationReference = 3D0BE696DA1F7BB8CFE756B2 /* Pods-KidozAppLovinSampleApp.release.xcconfig */;
			buildSettings = {
				ASSETCATALOG_COMPILER_APPICON_NAME = AppIcon;
				ASSETCATALOG_COMPILER_GLOBAL_ACCENT_COLOR_NAME = AccentColor;
				CODE_SIGN_STYLE = Automatic;
				CURRENT_PROJECT_VERSION = 1;
				DEVELOPMENT_TEAM = V79KVWWJ4G;
				GENERATE_INFOPLIST_FILE = NO;
				INFOPLIST_FILE = KidozAppLovinSampleApp/Info.plist;
				INFOPLIST_KEY_UIApplicationSupportsIndirectInputEvents = YES;
				INFOPLIST_KEY_UILaunchStoryboardName = LaunchScreen;
				INFOPLIST_KEY_UIMainStoryboardFile = Main;
				INFOPLIST_KEY_UISupportedInterfaceOrientations = "UIInterfaceOrientationPortrait UIInterfaceOrientationLandscapeLeft UIInterfaceOrientationLandscapeRight";
				INFOPLIST_KEY_UISupportedInterfaceOrientations_iPad = "UIInterfaceOrientationPortrait UIInterfaceOrientationPortraitUpsideDown UIInterfaceOrientationLandscapeLeft UIInterfaceOrientationLandscapeRight";
				INFOPLIST_KEY_UISupportedInterfaceOrientations_iPhone = "UIInterfaceOrientationPortrait UIInterfaceOrientationLandscapeLeft UIInterfaceOrientationLandscapeRight";
				IPHONEOS_DEPLOYMENT_TARGET = 10.0;
				LD_RUNPATH_SEARCH_PATHS = (
					"$(inherited)",
					"@executable_path/Frameworks",
				);
				LIBRARY_SEARCH_PATHS = (
					"$(inherited)",
					"$(PROJECT_DIR)/KidozAppLovinSampleApp/Kidoz",
				);
				MARKETING_VERSION = 8.9.3_1.0.0;
				PRODUCT_BUNDLE_IDENTIFIER = com.kidoz.ios.AppLovinSampleApp;
				PRODUCT_NAME = "$(TARGET_NAME)";
				SWIFT_EMIT_LOC_STRINGS = YES;
				SWIFT_OBJC_BRIDGING_HEADER = "KidozAppLovinSampleApp/Kidoz-Bridging-Header.h";
				SWIFT_VERSION = 5.0;
				TARGETED_DEVICE_FAMILY = "1,2";
			};
			name = Release;
		};
/* End XCBuildConfiguration section */

/* Begin XCConfigurationList section */
		DFF96DF328BF5B43009B1E4E /* Build configuration list for PBXProject "KidozAppLovinSampleApp" */ = {
			isa = XCConfigurationList;
			buildConfigurations = (
				DFF96E0A28BF5B45009B1E4E /* Debug */,
				DFF96E0B28BF5B45009B1E4E /* Release */,
			);
			defaultConfigurationIsVisible = 0;
			defaultConfigurationName = Release;
		};
		DFF96E0C28BF5B45009B1E4E /* Build configuration list for PBXNativeTarget "KidozAppLovinSampleApp" */ = {
			isa = XCConfigurationList;
			buildConfigurations = (
				DFF96E0D28BF5B45009B1E4E /* Debug */,
				DFF96E0E28BF5B45009B1E4E /* Release */,
			);
			defaultConfigurationIsVisible = 0;
			defaultConfigurationName = Release;
		};
/* End XCConfigurationList section */
	};
	rootObject = DFF96DF028BF5B43009B1E4E /* Project object */;
}
